
Microsoft Visual Studio Solution File, Format Version 12.00
# Visual Studio Version 17
VisualStudioVersion = 17.9.34723.18
MinimumVisualStudioVersion = 10.0.40219.1
Project("{FAE04EC0-301F-11D3-BF4B-00C04F79EFBC}") = "MenuPlan", "MenuPlan\MenuPlan.csproj", "{756A31F0-878F-4FA4-9DD5-23296F444D8E}"
EndProject
Project("{FAE04EC0-301F-11D3-BF4B-00C04F79EFBC}") = "MenuPlanBL", "MenuPlanBL\MenuPlanBL.csproj", "{FE2D60A4-CC37-489A-A215-3031D9231E4C}"
EndProject
Global
	GlobalSection(SolutionConfigurationPlatforms) = preSolution
		Debug|Any CPU = Debug|Any CPU
		Release|Any CPU = Release|Any CPU
	EndGlobalSection
	GlobalSection(ProjectConfigurationPlatforms) = postSolution
		{756A31F0-878F-4FA4-9DD5-23296F444D8E}.Debug|Any CPU.ActiveCfg = Debug|Any CPU
		{756A31F0-878F-4FA4-9DD5-23296F444D8E}.Debug|Any CPU.Build.0 = Debug|Any CPU
		{756A31F0-878F-4FA4-9DD5-23296F444D8E}.Release|Any CPU.ActiveCfg = Release|Any CPU
		{756A31F0-878F-4FA4-9DD5-23296F444D8E}.Release|Any CPU.Build.0 = Release|Any CPU
		{FE2D60A4-CC37-489A-A215-3031D9231E4C}.Debug|Any CPU.ActiveCfg = Debug|Any CPU
		{FE2D60A4-CC37-489A-A215-3031D9231E4C}.Debug|Any CPU.Build.0 = Debug|Any CPU
		{FE2D60A4-CC37-489A-A215-3031D9231E4C}.Release|Any CPU.ActiveCfg = Release|Any CPU
		{FE2D60A4-CC37-489A-A215-3031D9231E4C}.Release|Any CPU.Build.0 = Release|Any CPU
	EndGlobalSection
	GlobalSection(SolutionProperties) = preSolution
		HideSolutionNode = FALSE
	EndGlobalSection
	GlobalSection(ExtensibilityGlobals) = postSolution
		SolutionGuid = {D6FBFB4F-49AB-43B1-8D37-6E574D02EF56}
	EndGlobalSection
EndGlobal
